// !$*UTF8*$!
{
	archiveVersion = 1;
	classes = {
	};
	objectVersion = 55;
	objects = {

/* Begin PBXBuildFile section */
		9C7DA187291C9AB400C3DEC7 /* RecipeDetailView.swift in Sources */ = {isa = PBXBuildFile; fileRef = 9C7DA186291C9AB400C3DEC7 /* RecipeDetailView.swift */; };
		9C93AF84291DA1E00023D6E5 /* RecipeTabView.swift in Sources */ = {isa = PBXBuildFile; fileRef = 9C93AF83291DA1E00023D6E5 /* RecipeTabView.swift */; };
		9C974068291EB9B800C55567 /* RecipeFeaturedView.swift in Sources */ = {isa = PBXBuildFile; fileRef = 9C974067291EB9B800C55567 /* RecipeFeaturedView.swift */; };
		9CADDE6C291C83F5007B0053 /* RecipeAppApp.swift in Sources */ = {isa = PBXBuildFile; fileRef = 9CADDE6B291C83F5007B0053 /* RecipeAppApp.swift */; };
		9CADDE6E291C83F5007B0053 /* RecipeView.swift in Sources */ = {isa = PBXBuildFile; fileRef = 9CADDE6D291C83F5007B0053 /* RecipeView.swift */; };
		9CADDE70291C83F7007B0053 /* Assets.xcassets in Resources */ = {isa = PBXBuildFile; fileRef = 9CADDE6F291C83F7007B0053 /* Assets.xcassets */; };
		9CADDE73291C83F7007B0053 /* Preview Assets.xcassets in Resources */ = {isa = PBXBuildFile; fileRef = 9CADDE72291C83F7007B0053 /* Preview Assets.xcassets */; };
		9CADDE7E291C8AD6007B0053 /* recipes.json in Resources */ = {isa = PBXBuildFile; fileRef = 9CADDE7D291C8AD6007B0053 /* recipes.json */; };
		9CADDE80291C8BD5007B0053 /* Recipe.swift in Sources */ = {isa = PBXBuildFile; fileRef = 9CADDE7F291C8BD5007B0053 /* Recipe.swift */; };
		9CADDE83291C8D07007B0053 /* DataService.swift in Sources */ = {isa = PBXBuildFile; fileRef = 9CADDE82291C8D07007B0053 /* DataService.swift */; };
		9CADDE85291C919B007B0053 /* RecipeViewModel.swift in Sources */ = {isa = PBXBuildFile; fileRef = 9CADDE84291C919B007B0053 /* RecipeViewModel.swift */; };
		9CC1CE9529203DB000AACBCA /* Rational.swift in Sources */ = {isa = PBXBuildFile; fileRef = 9CC1CE9429203DB000AACBCA /* Rational.swift */; };
/* End PBXBuildFile section */

/* Begin PBXFileReference section */
		9C7DA186291C9AB400C3DEC7 /* RecipeDetailView.swift */ = {isa = PBXFileReference; lastKnownFileType = sourcecode.swift; path = RecipeDetailView.swift; sourceTree = "<group>"; };
		9C93AF83291DA1E00023D6E5 /* RecipeTabView.swift */ = {isa = PBXFileReference; lastKnownFileType = sourcecode.swift; path = RecipeTabView.swift; sourceTree = "<group>"; };
		9C974067291EB9B800C55567 /* RecipeFeaturedView.swift */ = {isa = PBXFileReference; lastKnownFileType = sourcecode.swift; path = RecipeFeaturedView.swift; sourceTree = "<group>"; };
		9CADDE68291C83F5007B0053 /* RecipeApp.app */ = {isa = PBXFileReference; explicitFileType = wrapper.application; includeInIndex = 0; path = RecipeApp.app; sourceTree = BUILT_PRODUCTS_DIR; };
		9CADDE6B291C83F5007B0053 /* RecipeAppApp.swift */ = {isa = PBXFileReference; lastKnownFileType = sourcecode.swift; path = RecipeAppApp.swift; sourceTree = "<group>"; };
		9CADDE6D291C83F5007B0053 /* RecipeView.swift */ = {isa = PBXFileReference; lastKnownFileType = sourcecode.swift; path = RecipeView.swift; sourceTree = "<group>"; };
		9CADDE6F291C83F7007B0053 /* Assets.xcassets */ = {isa = PBXFileReference; lastKnownFileType = folder.assetcatalog; path = Assets.xcassets; sourceTree = "<group>"; };
		9CADDE72291C83F7007B0053 /* Preview Assets.xcassets */ = {isa = PBXFileReference; lastKnownFileType = folder.assetcatalog; path = "Preview Assets.xcassets"; sourceTree = "<group>"; };
		9CADDE7D291C8AD6007B0053 /* recipes.json */ = {isa = PBXFileReference; lastKnownFileType = text.json; path = recipes.json; sourceTree = "<group>"; };
		9CADDE7F291C8BD5007B0053 /* Recipe.swift */ = {isa = PBXFileReference; lastKnownFileType = sourcecode.swift; path = Recipe.swift; sourceTree = "<group>"; };
		9CADDE82291C8D07007B0053 /* DataService.swift */ = {isa = PBXFileReference; lastKnownFileType = sourcecode.swift; path = DataService.swift; sourceTree = "<group>"; };
		9CADDE84291C919B007B0053 /* RecipeViewModel.swift */ = {isa = PBXFileReference; lastKnownFileType = sourcecode.swift; path = RecipeViewModel.swift; sourceTree = "<group>"; };
		9CC1CE9429203DB000AACBCA /* Rational.swift */ = {isa = PBXFileReference; fileEncoding = 4; lastKnownFileType = sourcecode.swift; path = Rational.swift; sourceTree = "<group>"; };
/* End PBXFileReference section */

/* Begin PBXFrameworksBuildPhase section */
		9CADDE65291C83F5007B0053 /* Frameworks */ = {
			isa = PBXFrameworksBuildPhase;
			buildActionMask = 2147483647;
			files = (
			);
			runOnlyForDeploymentPostprocessing = 0;
		};
/* End PBXFrameworksBuildPhase section */

/* Begin PBXGroup section */
		9CADDE5F291C83F5007B0053 = {
			isa = PBXGroup;
			children = (
				9CADDE6A291C83F5007B0053 /* RecipeApp */,
				9CADDE69291C83F5007B0053 /* Products */,
			);
			sourceTree = "<group>";
		};
		9CADDE69291C83F5007B0053 /* Products */ = {
			isa = PBXGroup;
			children = (
				9CADDE68291C83F5007B0053 /* RecipeApp.app */,
			);
			name = Products;
			sourceTree = "<group>";
		};
		9CADDE6A291C83F5007B0053 /* RecipeApp */ = {
			isa = PBXGroup;
			children = (
				9CADDE6B291C83F5007B0053 /* RecipeAppApp.swift */,
				9CADDE79291C8A68007B0053 /* Views */,
				9CADDE7A291C8A80007B0053 /* ViewModels */,
				9CADDE7B291C8A89007B0053 /* Models */,
				9CADDE81291C8CA7007B0053 /* Services */,
				9CADDE7C291C8A9D007B0053 /* Data */,
				9CC1CE9329203D6F00AACBCA /* Utilities */,
				9CADDE6F291C83F7007B0053 /* Assets.xcassets */,
				9CADDE71291C83F7007B0053 /* Preview Content */,
			);
			path = RecipeApp;
			sourceTree = "<group>";
		};
		9CADDE71291C83F7007B0053 /* Preview Content */ = {
			isa = PBXGroup;
			children = (
				9CADDE72291C83F7007B0053 /* Preview Assets.xcassets */,
			);
			path = "Preview Content";
			sourceTree = "<group>";
		};
		9CADDE79291C8A68007B0053 /* Views */ = {
			isa = PBXGroup;
			children = (
				9C7DA186291C9AB400C3DEC7 /* RecipeDetailView.swift */,
				9CADDE6D291C83F5007B0053 /* RecipeView.swift */,
				9C93AF83291DA1E00023D6E5 /* RecipeTabView.swift */,
				9C974067291EB9B800C55567 /* RecipeFeaturedView.swift */,
			);
			path = Views;
			sourceTree = "<group>";
		};
		9CADDE7A291C8A80007B0053 /* ViewModels */ = {
			isa = PBXGroup;
			children = (
				9CADDE84291C919B007B0053 /* RecipeViewModel.swift */,
			);
			path = ViewModels;
			sourceTree = "<group>";
		};
		9CADDE7B291C8A89007B0053 /* Models */ = {
			isa = PBXGroup;
			children = (
				9CADDE7F291C8BD5007B0053 /* Recipe.swift */,
			);
			path = Models;
			sourceTree = "<group>";
		};
		9CADDE7C291C8A9D007B0053 /* Data */ = {
			isa = PBXGroup;
			children = (
				9CC1CE9429203DB000AACBCA /* Rational.swift */,
				9CADDE7D291C8AD6007B0053 /* recipes.json */,
			);
			path = Data;
			sourceTree = "<group>";
		};
		9CADDE81291C8CA7007B0053 /* Services */ = {
			isa = PBXGroup;
			children = (
				9CADDE82291C8D07007B0053 /* DataService.swift */,
			);
			path = Services;
			sourceTree = "<group>";
		};
		9CC1CE9329203D6F00AACBCA /* Utilities */ = {
			isa = PBXGroup;
			children = (
			);
			path = Utilities;
			sourceTree = "<group>";
		};
/* End PBXGroup section */

/* Begin PBXNativeTarget section */
		9CADDE67291C83F5007B0053 /* RecipeApp */ = {
			isa = PBXNativeTarget;
			buildConfigurationList = 9CADDE76291C83F7007B0053 /* Build configuration list for PBXNativeTarget "RecipeApp" */;
			buildPhases = (
				9CADDE64291C83F5007B0053 /* Sources */,
				9CADDE65291C83F5007B0053 /* Frameworks */,
				9CADDE66291C83F5007B0053 /* Resources */,
			);
			buildRules = (
			);
			dependencies = (
			);
			name = RecipeApp;
			productName = RecipeApp;
			productReference = 9CADDE68291C83F5007B0053 /* RecipeApp.app */;
			productType = "com.apple.product-type.application";
		};
/* End PBXNativeTarget section */

/* Begin PBXProject section */
		9CADDE60291C83F5007B0053 /* Project object */ = {
			isa = PBXProject;
			attributes = {
				BuildIndependentTargetsInParallel = 1;
				LastSwiftUpdateCheck = 1340;
				LastUpgradeCheck = 1340;
				TargetAttributes = {
					9CADDE67291C83F5007B0053 = {
						CreatedOnToolsVersion = 13.4.1;
					};
				};
			};
			buildConfigurationList = 9CADDE63291C83F5007B0053 /* Build configuration list for PBXProject "RecipeApp" */;
			compatibilityVersion = "Xcode 13.0";
			developmentRegion = en;
			hasScannedForEncodings = 0;
			knownRegions = (
				en,
				Base,
			);
			mainGroup = 9CADDE5F291C83F5007B0053;
			productRefGroup = 9CADDE69291C83F5007B0053 /* Products */;
			projectDirPath = "";
			projectRoot = "";
			targets = (
				9CADDE67291C83F5007B0053 /* RecipeApp */,
			);
		};
/* End PBXProject section */

/* Begin PBXResourcesBuildPhase section */
		9CADDE66291C83F5007B0053 /* Resources */ = {
			isa = PBXResourcesBuildPhase;
			buildActionMask = 2147483647;
			files = (
				9CADDE73291C83F7007B0053 /* Preview Assets.xcassets in Resources */,
				9CADDE7E291C8AD6007B0053 /* recipes.json in Resources */,
				9CADDE70291C83F7007B0053 /* Assets.xcassets in Resources */,
			);
			runOnlyForDeploymentPostprocessing = 0;
		};
/* End PBXResourcesBuildPhase section */

/* Begin PBXSourcesBuildPhase section */
		9CADDE64291C83F5007B0053 /* Sources */ = {
			isa = PBXSourcesBuildPhase;
			buildActionMask = 2147483647;
			files = (
				9CADDE80291C8BD5007B0053 /* Recipe.swift in Sources */,
				9C93AF84291DA1E00023D6E5 /* RecipeTabView.swift in Sources */,
				9CC1CE9529203DB000AACBCA /* Rational.swift in Sources */,
				9C7DA187291C9AB400C3DEC7 /* RecipeDetailView.swift in Sources */,
				9CADDE6E291C83F5007B0053 /* RecipeView.swift in Sources */,
				9CADDE6C291C83F5007B0053 /* RecipeAppApp.swift in Sources */,
				9CADDE85291C919B007B0053 /* RecipeViewModel.swift in Sources */,
				9C974068291EB9B800C55567 /* RecipeFeaturedView.swift in Sources */,
				9CADDE83291C8D07007B0053 /* DataService.swift in Sources */,
			);
			runOnlyForDeploymentPostprocessing = 0;
		};
/* End PBXSourcesBuildPhase section */

/* Begin XCBuildConfiguration section */
		9CADDE74291C83F7007B0053 /* Debug */ = {
			isa = XCBuildConfiguration;
			buildSettings = {
				ALWAYS_SEARCH_USER_PATHS = NO;
				CLANG_ANALYZER_NONNULL = YES;
				CLANG_ANALYZER_NUMBER_OBJECT_CONVERSION = YES_AGGRESSIVE;
				CLANG_CXX_LANGUAGE_STANDARD = "gnu++17";
				CLANG_ENABLE_MODULES = YES;
				CLANG_ENABLE_OBJC_ARC = YES;
				CLANG_ENABLE_OBJC_WEAK = YES;
				CLANG_WARN_BLOCK_CAPTURE_AUTORELEASING = YES;
				CLANG_WARN_BOOL_CONVERSION = YES;
				CLANG_WARN_COMMA = YES;
				CLANG_WARN_CONSTANT_CONVERSION = YES;
				CLANG_WARN_DEPRECATED_OBJC_IMPLEMENTATIONS = YES;
				CLANG_WARN_DIRECT_OBJC_ISA_USAGE = YES_ERROR;
				CLANG_WARN_DOCUMENTATION_COMMENTS = YES;
				CLANG_WARN_EMPTY_BODY = YES;
				CLANG_WARN_ENUM_CONVERSION = YES;
				CLANG_WARN_INFINITE_RECURSION = YES;
				CLANG_WARN_INT_CONVERSION = YES;
				CLANG_WARN_NON_LITERAL_NULL_CONVERSION = YES;
				CLANG_WARN_OBJC_IMPLICIT_RETAIN_SELF = YES;
				CLANG_WARN_OBJC_LITERAL_CONVERSION = YES;
				CLANG_WARN_OBJC_ROOT_CLASS = YES_ERROR;
				CLANG_WARN_QUOTED_INCLUDE_IN_FRAMEWORK_HEADER = YES;
				CLANG_WARN_RANGE_LOOP_ANALYSIS = YES;
				CLANG_WARN_STRICT_PROTOTYPES = YES;
				CLANG_WARN_SUSPICIOUS_MOVE = YES;
				CLANG_WARN_UNGUARDED_AVAILABILITY = YES_AGGRESSIVE;
				CLANG_WARN_UNREACHABLE_CODE = YES;
				CLANG_WARN__DUPLICATE_METHOD_MATCH = YES;
				COPY_PHASE_STRIP = NO;
				DEBUG_INFORMATION_FORMAT = dwarf;
				ENABLE_STRICT_OBJC_MSGSEND = YES;
				ENABLE_TESTABILITY = YES;
				GCC_C_LANGUAGE_STANDARD = gnu11;
				GCC_DYNAMIC_NO_PIC = NO;
				GCC_NO_COMMON_BLOCKS = YES;
				GCC_OPTIMIZATION_LEVEL = 0;
				GCC_PREPROCESSOR_DEFINITIONS = (
					"DEBUG=1",
					"$(inherited)",
				);
				GCC_WARN_64_TO_32_BIT_CONVERSION = YES;
				GCC_WARN_ABOUT_RETURN_TYPE = YES_ERROR;
				GCC_WARN_UNDECLARED_SELECTOR = YES;
				GCC_WARN_UNINITIALIZED_AUTOS = YES_AGGRESSIVE;
				GCC_WARN_UNUSED_FUNCTION = YES;
				GCC_WARN_UNUSED_VARIABLE = YES;
				IPHONEOS_DEPLOYMENT_TARGET = 15.5;
				MTL_ENABLE_DEBUG_INFO = INCLUDE_SOURCE;
				MTL_FAST_MATH = YES;
				ONLY_ACTIVE_ARCH = YES;
				SDKROOT = iphoneos;
				SWIFT_ACTIVE_COMPILATION_CONDITIONS = DEBUG;
				SWIFT_OPTIMIZATION_LEVEL = "-Onone";
			};
			name = Debug;
		};
		9CADDE75291C83F7007B0053 /* Release */ = {
			isa = XCBuildConfiguration;
			buildSettings = {
				ALWAYS_SEARCH_USER_PATHS = NO;
				CLANG_ANALYZER_NONNULL = YES;
				CLANG_ANALYZER_NUMBER_OBJECT_CONVERSION = YES_AGGRESSIVE;
				CLANG_CXX_LANGUAGE_STANDARD = "gnu++17";
				CLANG_ENABLE_MODULES = YES;
				CLANG_ENABLE_OBJC_ARC = YES;
				CLANG_ENABLE_OBJC_WEAK = YES;
				CLANG_WARN_BLOCK_CAPTURE_AUTORELEASING = YES;
				CLANG_WARN_BOOL_CONVERSION = YES;
				CLANG_WARN_COMMA = YES;
				CLANG_WARN_CONSTANT_CONVERSION = YES;
				CLANG_WARN_DEPRECATED_OBJC_IMPLEMENTATIONS = YES;
				CLANG_WARN_DIRECT_OBJC_ISA_USAGE = YES_ERROR;
				CLANG_WARN_DOCUMENTATION_COMMENTS = YES;
				CLANG_WARN_EMPTY_BODY = YES;
				CLANG_WARN_ENUM_CONVERSION = YES;
				CLANG_WARN_INFINITE_RECURSION = YES;
				CLANG_WARN_INT_CONVERSION = YES;
				CLANG_WARN_NON_LITERAL_NULL_CONVERSION = YES;
				CLANG_WARN_OBJC_IMPLICIT_RETAIN_SELF = YES;
				CLANG_WARN_OBJC_LITERAL_CONVERSION = YES;
				CLANG_WARN_OBJC_ROOT_CLASS = YES_ERROR;
				CLANG_WARN_QUOTED_INCLUDE_IN_FRAMEWORK_HEADER = YES;
				CLANG_WARN_RANGE_LOOP_ANALYSIS = YES;
				CLANG_WARN_STRICT_PROTOTYPES = YES;
				CLANG_WARN_SUSPICIOUS_MOVE = YES;
				CLANG_WARN_UNGUARDED_AVAILABILITY = YES_AGGRESSIVE;
				CLANG_WARN_UNREACHABLE_CODE = YES;
				CLANG_WARN__DUPLICATE_METHOD_MATCH = YES;
				COPY_PHASE_STRIP = NO;
				DEBUG_INFORMATION_FORMAT = "dwarf-with-dsym";
				ENABLE_NS_ASSERTIONS = NO;
				ENABLE_STRICT_OBJC_MSGSEND = YES;
				GCC_C_LANGUAGE_STANDARD = gnu11;
				GCC_NO_COMMON_BLOCKS = YES;
				GCC_WARN_64_TO_32_BIT_CONVERSION = YES;
				GCC_WARN_ABOUT_RETURN_TYPE = YES_ERROR;
				GCC_WARN_UNDECLARED_SELECTOR = YES;
				GCC_WARN_UNINITIALIZED_AUTOS = YES_AGGRESSIVE;
				GCC_WARN_UNUSED_FUNCTION = YES;
				GCC_WARN_UNUSED_VARIABLE = YES;
				IPHONEOS_DEPLOYMENT_TARGET = 15.5;
				MTL_ENABLE_DEBUG_INFO = NO;
				MTL_FAST_MATH = YES;
				SDKROOT = iphoneos;
				SWIFT_COMPILATION_MODE = wholemodule;
				SWIFT_OPTIMIZATION_LEVEL = "-O";
				VALIDATE_PRODUCT = YES;
			};
			name = Release;
		};
		9CADDE77291C83F7007B0053 /* Debug */ = {
			isa = XCBuildConfiguration;
			buildSettings = {
				ASSETCATALOG_COMPILER_APPICON_NAME = AppIcon;
				ASSETCATALOG_COMPILER_GLOBAL_ACCENT_COLOR_NAME = AccentColor;
				CODE_SIGN_STYLE = Automatic;
				CURRENT_PROJECT_VERSION = 1;
				DEVELOPMENT_ASSET_PATHS = "\"RecipeApp/Preview Content\"";
				ENABLE_PREVIEWS = YES;
				GENERATE_INFOPLIST_FILE = YES;
				INFOPLIST_KEY_UIApplicationSceneManifest_Generation = YES;
				INFOPLIST_KEY_UIApplicationSupportsIndirectInputEvents = YES;
				INFOPLIST_KEY_UILaunchScreen_Generation = YES;
				INFOPLIST_KEY_UISupportedInterfaceOrientations_iPad = "UIInterfaceOrientationPortrait UIInterfaceOrientationPortraitUpsideDown UIInterfaceOrientationLandscapeLeft UIInterfaceOrientationLandscapeRight";
				INFOPLIST_KEY_UISupportedInterfaceOrientations_iPhone = "UIInterfaceOrientationPortrait UIInterfaceOrientationLandscapeLeft UIInterfaceOrientationLandscapeRight";
				LD_RUNPATH_SEARCH_PATHS = (
					"$(inherited)",
					"@executable_path/Frameworks",
				);
				MARKETING_VERSION = 1.0;
				PRODUCT_BUNDLE_IDENTIFIER = linda.RecipeApp;
				PRODUCT_NAME = "$(TARGET_NAME)";
				SWIFT_EMIT_LOC_STRINGS = YES;
				SWIFT_VERSION = 5.0;
				TARGETED_DEVICE_FAMILY = "1,2";
			};
			name = Debug;
		};
		9CADDE78291C83F7007B0053 /* Release */ = {
			isa = XCBuildConfiguration;
			buildSettings = {
				ASSETCATALOG_COMPILER_APPICON_NAME = AppIcon;
				ASSETCATALOG_COMPILER_GLOBAL_ACCENT_COLOR_NAME = AccentColor;
				CODE_SIGN_STYLE = Automatic;
				CURRENT_PROJECT_VERSION = 1;
				DEVELOPMENT_ASSET_PATHS = "\"RecipeApp/Preview Content\"";
				ENABLE_PREVIEWS = YES;
				GENERATE_INFOPLIST_FILE = YES;
				INFOPLIST_KEY_UIApplicationSceneManifest_Generation = YES;
				INFOPLIST_KEY_UIApplicationSupportsIndirectInputEvents = YES;
				INFOPLIST_KEY_UILaunchScreen_Generation = YES;
				INFOPLIST_KEY_UISupportedInterfaceOrientations_iPad = "UIInterfaceOrientationPortrait UIInterfaceOrientationPortraitUpsideDown UIInterfaceOrientationLandscapeLeft UIInterfaceOrientationLandscapeRight";
				INFOPLIST_KEY_UISupportedInterfaceOrientations_iPhone = "UIInterfaceOrientationPortrait UIInterfaceOrientationLandscapeLeft UIInterfaceOrientationLandscapeRight";
				LD_RUNPATH_SEARCH_PATHS = (
					"$(inherited)",
					"@executable_path/Frameworks",
				);
				MARKETING_VERSION = 1.0;
				PRODUCT_BUNDLE_IDENTIFIER = linda.RecipeApp;
				PRODUCT_NAME = "$(TARGET_NAME)";
				SWIFT_EMIT_LOC_STRINGS = YES;
				SWIFT_VERSION = 5.0;
				TARGETED_DEVICE_FAMILY = "1,2";
			};
			name = Release;
		};
/* End XCBuildConfiguration section */

/* Begin XCConfigurationList section */
		9CADDE63291C83F5007B0053 /* Build configuration list for PBXProject "RecipeApp" */ = {
			isa = XCConfigurationList;
			buildConfigurations = (
				9CADDE74291C83F7007B0053 /* Debug */,
				9CADDE75291C83F7007B0053 /* Release */,
			);
			defaultConfigurationIsVisible = 0;
			defaultConfigurationName = Release;
		};
		9CADDE76291C83F7007B0053 /* Build configuration list for PBXNativeTarget "RecipeApp" */ = {
			isa = XCConfigurationList;
			buildConfigurations = (
				9CADDE77291C83F7007B0053 /* Debug */,
				9CADDE78291C83F7007B0053 /* Release */,
			);
			defaultConfigurationIsVisible = 0;
			defaultConfigurationName = Release;
		};
/* End XCConfigurationList section */
	};
	rootObject = 9CADDE60291C83F5007B0053 /* Project object */;
}
